Microsoft Visual Studio Solution File, Format Version 11.00
# Visual Studio 2008

Project("{7C91DC20-DBF6-B293-4D54-29FDC4FC0781}") = "makeMIT", "Assembly-CSharp.csproj", "{58EFAABE-CF03-E1A3-AF96-A65DE8E47D7D}"
EndProject
Project("{7C91DC20-DBF6-B293-4D54-29FDC4FC0781}") = "makeMIT", "Assembly-CSharp-Editor.csproj", "{5F1BFECE-DE4B-8222-20D4-2B6BA4A03CFB}"
EndProject
Project("{7C91DC20-DBF6-B293-4D54-29FDC4FC0781}") = "makeMIT", "Assembly-UnityScript-firstpass.unityproj", "{A360AD96-C45A-EFAF-5545-8B8F5BBD8264}"
EndProject
Global
	GlobalSection(SolutionConfigurationPlatforms) = preSolution
		Debug|Any CPU = Debug|Any CPU
		Release|Any CPU = Release|Any CPU
	EndGlobalSection
	GlobalSection(ProjectConfigurationPlatforms) = postSolution
		{58EFAABE-CF03-E1A3-AF96-A65DE8E47D7D}.Debug|Any CPU.ActiveCfg = Debug|Any CPU
		{58EFAABE-CF03-E1A3-AF96-A65DE8E47D7D}.Debug|Any CPU.Build.0 = Debug|Any CPU
		{58EFAABE-CF03-E1A3-AF96-A65DE8E47D7D}.Release|Any CPU.ActiveCfg = Release|Any CPU
		{58EFAABE-CF03-E1A3-AF96-A65DE8E47D7D}.Release|Any CPU.Build.0 = Release|Any CPU
		{5F1BFECE-DE4B-8222-20D4-2B6BA4A03CFB}.Debug|Any CPU.ActiveCfg = Debug|Any CPU
		{5F1BFECE-DE4B-8222-20D4-2B6BA4A03CFB}.Debug|Any CPU.Build.0 = Debug|Any CPU
		{5F1BFECE-DE4B-8222-20D4-2B6BA4A03CFB}.Release|Any CPU.ActiveCfg = Release|Any CPU
		{5F1BFECE-DE4B-8222-20D4-2B6BA4A03CFB}.Release|Any CPU.Build.0 = Release|Any CPU
		{A360AD96-C45A-EFAF-5545-8B8F5BBD8264}.Debug|Any CPU.ActiveCfg = Debug|Any CPU
		{A360AD96-C45A-EFAF-5545-8B8F5BBD8264}.Debug|Any CPU.Build.0 = Debug|Any CPU
		{A360AD96-C45A-EFAF-5545-8B8F5BBD8264}.Release|Any CPU.ActiveCfg = Release|Any CPU
		{A360AD96-C45A-EFAF-5545-8B8F5BBD8264}.Release|Any CPU.Build.0 = Release|Any CPU
	EndGlobalSection
	GlobalSection(SolutionProperties) = preSolution
		HideSolutionNode = FALSE
	EndGlobalSection
		GlobalSection(MonoDevelopProperties) = preSolution
		StartupItem = Assembly-CSharp.csproj
		Policies = $0
		$0.TextStylePolicy = $1
		$1.inheritsSet = null
		$1.scope = text/x-csharp
		$0.CSharpFormattingPolicy = $2
		$2.inheritsSet = Mono
		$2.inheritsScope = text/x-csharp
		$2.scope = text/x-csharp
		$0.TextStylePolicy = $3
		$3.FileWidth = 120
		$3.TabWidth = 4
		$3.IndentWidth = 4
		$3.EolMarker = Unix
		$3.inheritsSet = Mono
		$3.inheritsScope = text/plain
		$3.scope = text/plain
	EndGlobalSection

EndGlobal
